// !$*UTF8*$!
{
	archiveVersion = 1;
	classes = {
	};
	objectVersion = 77;
	objects = {

/* Begin PBXBuildFile section */
		C09842BF2FF8491700CB8B7E /* PotassiumChannelCore in Frameworks */ = {isa = PBXBuildFile; productRef = C09842BE2FF8491700CB8B7E /* PotassiumChannelCore */; };
		C09842C12FF8491700CB8B7E /* PotassiumKDrive in Frameworks */ = {isa = PBXBuildFile; productRef = C09842C02FF8491700CB8B7E /* PotassiumKDrive */; };
		C09842C32FF8491700CB8B7E /* PotassiumOAuth in Frameworks */ = {isa = PBXBuildFile; productRef = C09842C22FF8491700CB8B7E /* PotassiumOAuth */; };
/* End PBXBuildFile section */

/* Begin PBXContainerItemProxy section */
		C09842942FF847B000CB8B7E /* PBXContainerItemProxy */ = {
			isa = PBXContainerItemProxy;
			containerPortal = C098427E2FF847AD00CB8B7E /* Project object */;
			proxyType = 1;
			remoteGlobalIDString = C09842852FF847AD00CB8B7E;
			remoteInfo = potassiumProvider;
		};
		C098429E2FF847B000CB8B7E /* PBXContainerItemProxy */ = {
			isa = PBXContainerItemProxy;
			containerPortal = C098427E2FF847AD00CB8B7E /* Project object */;
			proxyType = 1;
			remoteGlobalIDString = C09842852FF847AD00CB8B7E;
			remoteInfo = potassiumProvider;
		};
/* End PBXContainerItemProxy section */

/* Begin PBXFileReference section */
		C09842862FF847AD00CB8B7E /* potassiumProvider.app */ = {isa = PBXFileReference; explicitFileType = wrapper.application; includeInIndex = 0; path = potassiumProvider.app; sourceTree = BUILT_PRODUCTS_DIR; };
		C09842932FF847B000CB8B7E /* potassiumProviderTests.xctest */ = {isa = PBXFileReference; explicitFileType = wrapper.cfbundle; includeInIndex = 0; path = potassiumProviderTests.xctest; sourceTree = BUILT_PRODUCTS_DIR; };
		C098429D2FF847B000CB8B7E /* potassiumProviderUITests.xctest */ = {isa = PBXFileReference; explicitFileType = wrapper.cfbundle; includeInIndex = 0; path = potassiumProviderUITests.xctest; sourceTree = BUILT_PRODUCTS_DIR; };
/* End PBXFileReference section */

/* Begin PBXFileSystemSynchronizedRootGroup section */
		C09842882FF847AD00CB8B7E /* potassiumProvider */ = {
			isa = PBXFileSystemSynchronizedRootGroup;
			path = potassiumProvider;
			sourceTree = "<group>";
		};
		C09842962FF847B000CB8B7E /* potassiumProviderTests */ = {
			isa = PBXFileSystemSynchronizedRootGroup;
			path = potassiumProviderTests;
			sourceTree = "<group>";
		};
		C09842A02FF847B000CB8B7E /* potassiumProviderUITests */ = {
			isa = PBXFileSystemSynchronizedRootGroup;
			path = potassiumProviderUITests;
			sourceTree = "<group>";
		};
/* End PBXFileSystemSynchronizedRootGroup section */

/* Begin PBXFrameworksBuildPhase section */
		C09842832FF847AD00CB8B7E /* Frameworks */ = {
			isa = PBXFrameworksBuildPhase;
			buildActionMask = 2147483647;
			files = (
				C09842BF2FF8491700CB8B7E /* PotassiumChannelCore in Frameworks */,
				C09842C32FF8491700CB8B7E /* PotassiumOAuth in Frameworks */,
				C09842C12FF8491700CB8B7E /* PotassiumKDrive in Frameworks */,
			);
			runOnlyForDeploymentPostprocessing = 0;
		};
		C09842902FF847B000CB8B7E /* Frameworks */ = {
			isa = PBXFrameworksBuildPhase;
			buildActionMask = 2147483647;
			files = (
			);
			runOnlyForDeploymentPostprocessing = 0;
		};
		C098429A2FF847B000CB8B7E /* Frameworks */ = {
			isa = PBXFrameworksBuildPhase;
			buildActionMask = 2147483647;
			files = (
			);
			runOnlyForDeploymentPostprocessing = 0;
		};
/* End PBXFrameworksBuildPhase section */

/* Begin PBXGroup section */
		C098427D2FF847AD00CB8B7E = {
			isa = PBXGroup;
			children = (
				C09842882FF847AD00CB8B7E /* potassiumProvider */,
				C09842962FF847B000CB8B7E /* potassiumProviderTests */,
				C09842A02FF847B000CB8B7E /* potassiumProviderUITests */,
				C09842872FF847AD00CB8B7E /* Products */,
			);
			sourceTree = "<group>";
		};
		C09842872FF847AD00CB8B7E /* Products */ = {
			isa = PBXGroup;
			children = (
				C09842862FF847AD00CB8B7E /* potassiumProvider.app */,
				C09842932FF847B000CB8B7E /* potassiumProviderTests.xctest */,
				C098429D2FF847B000CB8B7E /* potassiumProviderUITests.xctest */,
			);
			name = Products;
			sourceTree = "<group>";
		};
/* End PBXGroup section */

/* Begin PBXNativeTarget section */
		C09842852FF847AD00CB8B7E /* potassiumProvider */ = {
			isa = PBXNativeTarget;
			buildConfigurationList = C09842A72FF847B000CB8B7E /* Build configuration list for PBXNativeTarget "potassiumProvider" */;
			buildPhases = (
				C09842822FF847AD00CB8B7E /* Sources */,
				C09842832FF847AD00CB8B7E /* Frameworks */,
				C09842842FF847AD00CB8B7E /* Resources */,
			);
			buildRules = (
			);
			dependencies = (
			);
			fileSystemSynchronizedGroups = (
				C09842882FF847AD00CB8B7E /* potassiumProvider */,
			);
			name = potassiumProvider;
			packageProductDependencies = (
				C09842BE2FF8491700CB8B7E /* PotassiumChannelCore */,
				C09842C02FF8491700CB8B7E /* PotassiumKDrive */,
				C09842C22FF8491700CB8B7E /* PotassiumOAuth */,
			);
			productName = potassiumProvider;
			productReference = C09842862FF847AD00CB8B7E /* potassiumProvider.app */;
			productType = "com.apple.product-type.application";
		};
		C09842922FF847B000CB8B7E /* potassiumProviderTests */ = {
			isa = PBXNativeTarget;
			buildConfigurationList = C09842AA2FF847B000CB8B7E /* Build configuration list for PBXNativeTarget "potassiumProviderTests" */;
			buildPhases = (
				C098428F2FF847B000CB8B7E /* Sources */,
				C09842902FF847B000CB8B7E /* Frameworks */,
				C09842912FF847B000CB8B7E /* Resources */,
			);
			buildRules = (
			);
			dependencies = (
				C09842952FF847B000CB8B7E /* PBXTargetDependency */,
			);
			fileSystemSynchronizedGroups = (
				C09842962FF847B000CB8B7E /* potassiumProviderTests */,
			);
			name = potassiumProviderTests;
			packageProductDependencies = (
			);
			productName = potassiumProviderTests;
			productReference = C09842932FF847B000CB8B7E /* potassiumProviderTests.xctest */;
			productType = "com.apple.product-type.bundle.unit-test";
		};
		C098429C2FF847B000CB8B7E /* potassiumProviderUITests */ = {
			isa = PBXNativeTarget;
			buildConfigurationList = C09842AD2FF847B000CB8B7E /* Build configuration list for PBXNativeTarget "potassiumProviderUITests" */;
			buildPhases = (
				C09842992FF847B000CB8B7E /* Sources */,
				C098429A2FF847B000CB8B7E /* Frameworks */,
				C098429B2FF847B000CB8B7E /* Resources */,
			);
			buildRules = (
			);
			dependencies = (
				C098429F2FF847B000CB8B7E /* PBXTargetDependency */,
			);
			fileSystemSynchronizedGroups = (
				C09842A02FF847B000CB8B7E /* potassiumProviderUITests */,
			);
			name = potassiumProviderUITests;
			packageProductDependencies = (
			);
			productName = potassiumProviderUITests;
			productReference = C098429D2FF847B000CB8B7E /* potassiumProviderUITests.xctest */;
			productType = "com.apple.product-type.bundle.ui-testing";
		};
/* End PBXNativeTarget section */

/* Begin PBXProject section */
		C098427E2FF847AD00CB8B7E /* Project object */ = {
			isa = PBXProject;
			attributes = {
				BuildIndependentTargetsInParallel = 1;
				LastSwiftUpdateCheck = 2650;
				LastUpgradeCheck = 2650;
				TargetAttributes = {
					C09842852FF847AD00CB8B7E = {
						CreatedOnToolsVersion = 26.5;
					};
					C09842922FF847B000CB8B7E = {
						CreatedOnToolsVersion = 26.5;
						TestTargetID = C09842852FF847AD00CB8B7E;
					};
					C098429C2FF847B000CB8B7E = {
						CreatedOnToolsVersion = 26.5;
						TestTargetID = C09842852FF847AD00CB8B7E;
					};
				};
			};
			buildConfigurationList = C09842812FF847AD00CB8B7E /* Build configuration list for PBXProject "potassiumProvider" */;
			developmentRegion = en;
			hasScannedForEncodings = 0;
			knownRegions = (
				en,
				Base,
			);
			mainGroup = C098427D2FF847AD00CB8B7E;
			minimizedProjectReferenceProxies = 1;
			packageReferences = (
				C09842BC2FF8489C00CB8B7E /* XCRemoteSwiftPackageReference "SQLite.swift" */,
				C09842BD2FF8491700CB8B7E /* XCRemoteSwiftPackageReference "potassiumChannel" */,
			);
			preferredProjectObjectVersion = 77;
			productRefGroup = C09842872FF847AD00CB8B7E /* Products */;
			projectDirPath = "";
			projectRoot = "";
			targets = (
				C09842852FF847AD00CB8B7E /* potassiumProvider */,
				C09842922FF847B000CB8B7E /* potassiumProviderTests */,
				C098429C2FF847B000CB8B7E /* potassiumProviderUITests */,
			);
		};
/* End PBXProject section */

/* Begin PBXResourcesBuildPhase section */
		C09842842FF847AD00CB8B7E /* Resources */ = {
			isa = PBXResourcesBuildPhase;
			buildActionMask = 2147483647;
			files = (
			);
			runOnlyForDeploymentPostprocessing = 0;
		};
		C09842912FF847B000CB8B7E /* Resources */ = {
			isa = PBXResourcesBuildPhase;
			buildActionMask = 2147483647;
			files = (
			);
			runOnlyForDeploymentPostprocessing = 0;
		};
		C098429B2FF847B000CB8B7E /* Resources */ = {
			isa = PBXResourcesBuildPhase;
			buildActionMask = 2147483647;
			files = (
			);
			runOnlyForDeploymentPostprocessing = 0;
		};
/* End PBXResourcesBuildPhase section */

/* Begin PBXSourcesBuildPhase section */
		C09842822FF847AD00CB8B7E /* Sources */ = {
			isa = PBXSourcesBuildPhase;
			buildActionMask = 2147483647;
			files = (
			);
			runOnlyForDeploymentPostprocessing = 0;
		};
		C098428F2FF847B000CB8B7E /* Sources */ = {
			isa = PBXSourcesBuildPhase;
			buildActionMask = 2147483647;
			files = (
			);
			runOnlyForDeploymentPostprocessing = 0;
		};
		C09842992FF847B000CB8B7E /* Sources */ = {
			isa = PBXSourcesBuildPhase;
			buildActionMask = 2147483647;
			files = (
			);
			runOnlyForDeploymentPostprocessing = 0;
		};
/* End PBXSourcesBuildPhase section */

/* Begin PBXTargetDependency section */
		C09842952FF847B000CB8B7E /* PBXTargetDependency */ = {
			isa = PBXTargetDependency;
			target = C09842852FF847AD00CB8B7E /* potassiumProvider */;
			targetProxy = C09842942FF847B000CB8B7E /* PBXContainerItemProxy */;
		};
		C098429F2FF847B000CB8B7E /* PBXTargetDependency */ = {
			isa = PBXTargetDependency;
			target = C09842852FF847AD00CB8B7E /* potassiumProvider */;
			targetProxy = C098429E2FF847B000CB8B7E /* PBXContainerItemProxy */;
		};
/* End PBXTargetDependency section */

/* Begin XCBuildConfiguration section */
		C09842A52FF847B000CB8B7E /* Debug */ = {
			isa = XCBuildConfiguration;
			buildSettings = {
				ALWAYS_SEARCH_USER_PATHS = NO;
				ASSETCATALOG_COMPILER_GENERATE_SWIFT_ASSET_SYMBOL_EXTENSIONS = YES;
				CLANG_ANALYZER_NONNULL = YES;
				CLANG_ANALYZER_NUMBER_OBJECT_CONVERSION = YES_AGGRESSIVE;
				CLANG_CXX_LANGUAGE_STANDARD = "gnu++20";
				CLANG_ENABLE_MODULES = YES;
				CLANG_ENABLE_OBJC_ARC = YES;
				CLANG_ENABLE_OBJC_WEAK = YES;
				CLANG_WARN_BLOCK_CAPTURE_AUTORELEASING = YES;
				CLANG_WARN_BOOL_CONVERSION = YES;
				CLANG_WARN_COMMA = YES;
				CLANG_WARN_CONSTANT_CONVERSION = YES;
				CLANG_WARN_DEPRECATED_OBJC_IMPLEMENTATIONS = YES;
				CLANG_WARN_DIRECT_OBJC_ISA_USAGE = YES_ERROR;
				CLANG_WARN_DOCUMENTATION_COMMENTS = YES;
				CLANG_WARN_EMPTY_BODY = YES;
				CLANG_WARN_ENUM_CONVERSION = YES;
				CLANG_WARN_INFINITE_RECURSION = YES;
				CLANG_WARN_INT_CONVERSION = YES;
				CLANG_WARN_NON_LITERAL_NULL_CONVERSION = YES;
				CLANG_WARN_OBJC_IMPLICIT_RETAIN_SELF = YES;
				CLANG_WARN_OBJC_LITERAL_CONVERSION = YES;
				CLANG_WARN_OBJC_ROOT_CLASS = YES_ERROR;
				CLANG_WARN_QUOTED_INCLUDE_IN_FRAMEWORK_HEADER = YES;
				CLANG_WARN_RANGE_LOOP_ANALYSIS = YES;
				CLANG_WARN_STRICT_PROTOTYPES = YES;
				CLANG_WARN_SUSPICIOUS_MOVE = YES;
				CLANG_WARN_UNGUARDED_AVAILABILITY = YES_AGGRESSIVE;
				CLANG_WARN_UNREACHABLE_CODE = YES;
				CLANG_WARN__DUPLICATE_METHOD_MATCH = YES;
				COPY_PHASE_STRIP = NO;
				DEBUG_INFORMATION_FORMAT = dwarf;
				DEVELOPMENT_TEAM = 2LST6WT4P6;
				ENABLE_STRICT_OBJC_MSGSEND = YES;
				ENABLE_TESTABILITY = YES;
				ENABLE_USER_SCRIPT_SANDBOXING = YES;
				GCC_C_LANGUAGE_STANDARD = gnu17;
				GCC_DYNAMIC_NO_PIC = NO;
				GCC_NO_COMMON_BLOCKS = YES;
				GCC_OPTIMIZATION_LEVEL = 0;
				GCC_PREPROCESSOR_DEFINITIONS = (
					"DEBUG=1",
					"$(inherited)",
				);
				GCC_WARN_64_TO_32_BIT_CONVERSION = YES;
				GCC_WARN_ABOUT_RETURN_TYPE = YES_ERROR;
				GCC_WARN_UNDECLARED_SELECTOR = YES;
				GCC_WARN_UNINITIALIZED_AUTOS = YES_AGGRESSIVE;
				GCC_WARN_UNUSED_FUNCTION = YES;
				GCC_WARN_UNUSED_VARIABLE = YES;
				LOCALIZATION_PREFERS_STRING_CATALOGS = YES;
				MTL_ENABLE_DEBUG_INFO = INCLUDE_SOURCE;
				MTL_FAST_MATH = YES;
				ONLY_ACTIVE_ARCH = YES;
				SWIFT_ACTIVE_COMPILATION_CONDITIONS = "DEBUG $(inherited)";
				SWIFT_OPTIMIZATION_LEVEL = "-Onone";
			};
			name = Debug;
		};
		C09842A62FF847B000CB8B7E /* Release */ = {
			isa = XCBuildConfiguration;
			buildSettings = {
				ALWAYS_SEARCH_USER_PATHS = NO;
				ASSETCATALOG_COMPILER_GENERATE_SWIFT_ASSET_SYMBOL_EXTENSIONS = YES;
				CLANG_ANALYZER_NONNULL = YES;
				CLANG_ANALYZER_NUMBER_OBJECT_CONVERSION = YES_AGGRESSIVE;
				CLANG_CXX_LANGUAGE_STANDARD = "gnu++20";
				CLANG_ENABLE_MODULES = YES;
				CLANG_ENABLE_OBJC_ARC = YES;
				CLANG_ENABLE_OBJC_WEAK = YES;
				CLANG_WARN_BLOCK_CAPTURE_AUTORELEASING = YES;
				CLANG_WARN_BOOL_CONVERSION = YES;
				CLANG_WARN_COMMA = YES;
				CLANG_WARN_CONSTANT_CONVERSION = YES;
				CLANG_WARN_DEPRECATED_OBJC_IMPLEMENTATIONS = YES;
				CLANG_WARN_DIRECT_OBJC_ISA_USAGE = YES_ERROR;
				CLANG_WARN_DOCUMENTATION_COMMENTS = YES;
				CLANG_WARN_EMPTY_BODY = YES;
				CLANG_WARN_ENUM_CONVERSION = YES;
				CLANG_WARN_INFINITE_RECURSION = YES;
				CLANG_WARN_INT_CONVERSION = YES;
				CLANG_WARN_NON_LITERAL_NULL_CONVERSION = YES;
				CLANG_WARN_OBJC_IMPLICIT_RETAIN_SELF = YES;
				CLANG_WARN_OBJC_LITERAL_CONVERSION = YES;
				CLANG_WARN_OBJC_ROOT_CLASS = YES_ERROR;
				CLANG_WARN_QUOTED_INCLUDE_IN_FRAMEWORK_HEADER = YES;
				CLANG_WARN_RANGE_LOOP_ANALYSIS = YES;
				CLANG_WARN_STRICT_PROTOTYPES = YES;
				CLANG_WARN_SUSPICIOUS_MOVE = YES;
				CLANG_WARN_UNGUARDED_AVAILABILITY = YES_AGGRESSIVE;
				CLANG_WARN_UNREACHABLE_CODE = YES;
				CLANG_WARN__DUPLICATE_METHOD_MATCH = YES;
				COPY_PHASE_STRIP = NO;
				DEBUG_INFORMATION_FORMAT = "dwarf-with-dsym";
				DEVELOPMENT_TEAM = 2LST6WT4P6;
				ENABLE_NS_ASSERTIONS = NO;
				ENABLE_STRICT_OBJC_MSGSEND = YES;
				ENABLE_USER_SCRIPT_SANDBOXING = YES;
				GCC_C_LANGUAGE_STANDARD = gnu17;
				GCC_NO_COMMON_BLOCKS = YES;
				GCC_WARN_64_TO_32_BIT_CONVERSION = YES;
				GCC_WARN_ABOUT_RETURN_TYPE = YES_ERROR;
				GCC_WARN_UNDECLARED_SELECTOR = YES;
				GCC_WARN_UNINITIALIZED_AUTOS = YES_AGGRESSIVE;
				GCC_WARN_UNUSED_FUNCTION = YES;
				GCC_WARN_UNUSED_VARIABLE = YES;
				LOCALIZATION_PREFERS_STRING_CATALOGS = YES;
				MTL_ENABLE_DEBUG_INFO = NO;
				MTL_FAST_MATH = YES;
				SWIFT_COMPILATION_MODE = wholemodule;
			};
			name = Release;
		};
		C09842A82FF847B000CB8B7E /* Debug */ = {
			isa = XCBuildConfiguration;
			buildSettings = {
				ASSETCATALOG_COMPILER_APPICON_NAME = AppIcon;
				ASSETCATALOG_COMPILER_GLOBAL_ACCENT_COLOR_NAME = AccentColor;
				CODE_SIGN_STYLE = Automatic;
				CURRENT_PROJECT_VERSION = 1;
				DEVELOPMENT_TEAM = 2LST6WT4P6;
				ENABLE_APP_SANDBOX = YES;
				ENABLE_HARDENED_RUNTIME = YES;
				ENABLE_PREVIEWS = YES;
				ENABLE_USER_SELECTED_FILES = readonly;
				GENERATE_INFOPLIST_FILE = YES;
				"INFOPLIST_KEY_UIApplicationSceneManifest_Generation[sdk=iphoneos*]" = YES;
				"INFOPLIST_KEY_UIApplicationSceneManifest_Generation[sdk=iphonesimulator*]" = YES;
				"INFOPLIST_KEY_UIApplicationSupportsIndirectInputEvents[sdk=iphoneos*]" = YES;
				"INFOPLIST_KEY_UIApplicationSupportsIndirectInputEvents[sdk=iphonesimulator*]" = YES;
				"INFOPLIST_KEY_UILaunchScreen_Generation[sdk=iphoneos*]" = YES;
				"INFOPLIST_KEY_UILaunchScreen_Generation[sdk=iphonesimulator*]" = YES;
				"INFOPLIST_KEY_UIStatusBarStyle[sdk=iphoneos*]" = UIStatusBarStyleDefault;
				"INFOPLIST_KEY_UIStatusBarStyle[sdk=iphonesimulator*]" = UIStatusBarStyleDefault;
				INFOPLIST_KEY_UISupportedInterfaceOrientations_iPad = "UIInterfaceOrientationPortrait UIInterfaceOrientationPortraitUpsideDown UIInterfaceOrientationLandscapeLeft UIInterfaceOrientationLandscapeRight";
				INFOPLIST_KEY_UISupportedInterfaceOrientations_iPhone = "UIInterfaceOrientationPortrait UIInterfaceOrientationLandscapeLeft UIInterfaceOrientationLandscapeRight";
				IPHONEOS_DEPLOYMENT_TARGET = 26.5;
				LD_RUNPATH_SEARCH_PATHS = "@executable_path/Frameworks";
				"LD_RUNPATH_SEARCH_PATHS[sdk=macosx*]" = "@executable_path/../Frameworks";
				MACOSX_DEPLOYMENT_TARGET = 26.5;
				MARKETING_VERSION = 1.0;
				PRODUCT_BUNDLE_IDENTIFIER = net.weavee.potassiumProvider;
				PRODUCT_NAME = "$(TARGET_NAME)";
				REGISTER_APP_GROUPS = YES;
				SDKROOT = auto;
				STRING_CATALOG_GENERATE_SYMBOLS = YES;
				SUPPORTED_PLATFORMS = "iphoneos iphonesimulator macosx xros xrsimulator";
				SWIFT_APPROACHABLE_CONCURRENCY = YES;
				SWIFT_DEFAULT_ACTOR_ISOLATION = MainActor;
				SWIFT_EMIT_LOC_STRINGS = YES;
				SWIFT_UPCOMING_FEATURE_MEMBER_IMPORT_VISIBILITY = YES;
				SWIFT_VERSION = 5.0;
				TARGETED_DEVICE_FAMILY = "1,2,7";
				XROS_DEPLOYMENT_TARGET = 26.5;
			};
			name = Debug;
		};
		C09842A92FF847B000CB8B7E /* Release */ = {
			isa = XCBuildConfiguration;
			buildSettings = {
				ASSETCATALOG_COMPILER_APPICON_NAME = AppIcon;
				ASSETCATALOG_COMPILER_GLOBAL_ACCENT_COLOR_NAME = AccentColor;
				CODE_SIGN_STYLE = Automatic;
				CURRENT_PROJECT_VERSION = 1;
				DEVELOPMENT_TEAM = 2LST6WT4P6;
				ENABLE_APP_SANDBOX = YES;
				ENABLE_HARDENED_RUNTIME = YES;
				ENABLE_PREVIEWS = YES;
				ENABLE_USER_SELECTED_FILES = readonly;
				GENERATE_INFOPLIST_FILE = YES;
				"INFOPLIST_KEY_UIApplicationSceneManifest_Generation[sdk=iphoneos*]" = YES;
				"INFOPLIST_KEY_UIApplicationSceneManifest_Generation[sdk=iphonesimulator*]" = YES;
				"INFOPLIST_KEY_UIApplicationSupportsIndirectInputEvents[sdk=iphoneos*]" = YES;
				"INFOPLIST_KEY_UIApplicationSupportsIndirectInputEvents[sdk=iphonesimulator*]" = YES;
				"INFOPLIST_KEY_UILaunchScreen_Generation[sdk=iphoneos*]" = YES;
				"INFOPLIST_KEY_UILaunchScreen_Generation[sdk=iphonesimulator*]" = YES;
				"INFOPLIST_KEY_UIStatusBarStyle[sdk=iphoneos*]" = UIStatusBarStyleDefault;
				"INFOPLIST_KEY_UIStatusBarStyle[sdk=iphonesimulator*]" = UIStatusBarStyleDefault;
				INFOPLIST_KEY_UISupportedInterfaceOrientations_iPad = "UIInterfaceOrientationPortrait UIInterfaceOrientationPortraitUpsideDown UIInterfaceOrientationLandscapeLeft UIInterfaceOrientationLandscapeRight";
				INFOPLIST_KEY_UISupportedInterfaceOrientations_iPhone = "UIInterfaceOrientationPortrait UIInterfaceOrientationLandscapeLeft UIInterfaceOrientationLandscapeRight";
				IPHONEOS_DEPLOYMENT_TARGET = 26.5;
				LD_RUNPATH_SEARCH_PATHS = "@executable_path/Frameworks";
				"LD_RUNPATH_SEARCH_PATHS[sdk=macosx*]" = "@executable_path/../Frameworks";
				MACOSX_DEPLOYMENT_TARGET = 26.5;
				MARKETING_VERSION = 1.0;
				PRODUCT_BUNDLE_IDENTIFIER = net.weavee.potassiumProvider;
				PRODUCT_NAME = "$(TARGET_NAME)";
				REGISTER_APP_GROUPS = YES;
				SDKROOT = auto;
				STRING_CATALOG_GENERATE_SYMBOLS = YES;
				SUPPORTED_PLATFORMS = "iphoneos iphonesimulator macosx xros xrsimulator";
				SWIFT_APPROACHABLE_CONCURRENCY = YES;
				SWIFT_DEFAULT_ACTOR_ISOLATION = MainActor;
				SWIFT_EMIT_LOC_STRINGS = YES;
				SWIFT_UPCOMING_FEATURE_MEMBER_IMPORT_VISIBILITY = YES;
				SWIFT_VERSION = 5.0;
				TARGETED_DEVICE_FAMILY = "1,2,7";
				XROS_DEPLOYMENT_TARGET = 26.5;
			};
			name = Release;
		};
		C09842AB2FF847B000CB8B7E /* Debug */ = {
			isa = XCBuildConfiguration;
			buildSettings = {
				BUNDLE_LOADER = "$(TEST_HOST)";
				CODE_SIGN_STYLE = Automatic;
				CURRENT_PROJECT_VERSION = 1;
				DEVELOPMENT_TEAM = 2LST6WT4P6;
				GENERATE_INFOPLIST_FILE = YES;
				IPHONEOS_DEPLOYMENT_TARGET = 26.5;
				MACOSX_DEPLOYMENT_TARGET = 26.5;
				MARKETING_VERSION = 1.0;
				PRODUCT_BUNDLE_IDENTIFIER = net.weavee.potassiumProviderTests;
				PRODUCT_NAME = "$(TARGET_NAME)";
				SDKROOT = auto;
				STRING_CATALOG_GENERATE_SYMBOLS = NO;
				SUPPORTED_PLATFORMS = "iphoneos iphonesimulator macosx xros xrsimulator";
				SWIFT_APPROACHABLE_CONCURRENCY = YES;
				SWIFT_EMIT_LOC_STRINGS = NO;
				SWIFT_UPCOMING_FEATURE_MEMBER_IMPORT_VISIBILITY = YES;
				SWIFT_VERSION = 5.0;
				TARGETED_DEVICE_FAMILY = "1,2,7";
				TEST_HOST = "$(BUILT_PRODUCTS_DIR)/potassiumProvider.app/$(BUNDLE_EXECUTABLE_FOLDER_PATH)/potassiumProvider";
				XROS_DEPLOYMENT_TARGET = 26.5;
			};
			name = Debug;
		};
		C09842AC2FF847B000CB8B7E /* Release */ = {
			isa = XCBuildConfiguration;
			buildSettings = {
				BUNDLE_LOADER = "$(TEST_HOST)";
				CODE_SIGN_STYLE = Automatic;
				CURRENT_PROJECT_VERSION = 1;
				DEVELOPMENT_TEAM = 2LST6WT4P6;
				GENERATE_INFOPLIST_FILE = YES;
				IPHONEOS_DEPLOYMENT_TARGET = 26.5;
				MACOSX_DEPLOYMENT_TARGET = 26.5;
				MARKETING_VERSION = 1.0;
				PRODUCT_BUNDLE_IDENTIFIER = net.weavee.potassiumProviderTests;
				PRODUCT_NAME = "$(TARGET_NAME)";
				SDKROOT = auto;
				STRING_CATALOG_GENERATE_SYMBOLS = NO;
				SUPPORTED_PLATFORMS = "iphoneos iphonesimulator macosx xros xrsimulator";
				SWIFT_APPROACHABLE_CONCURRENCY = YES;
				SWIFT_EMIT_LOC_STRINGS = NO;
				SWIFT_UPCOMING_FEATURE_MEMBER_IMPORT_VISIBILITY = YES;
				SWIFT_VERSION = 5.0;
				TARGETED_DEVICE_FAMILY = "1,2,7";
				TEST_HOST = "$(BUILT_PRODUCTS_DIR)/potassiumProvider.app/$(BUNDLE_EXECUTABLE_FOLDER_PATH)/potassiumProvider";
				XROS_DEPLOYMENT_TARGET = 26.5;
			};
			name = Release;
		};
		C09842AE2FF847B000CB8B7E /* Debug */ = {
			isa = XCBuildConfiguration;
			buildSettings = {
				CODE_SIGN_STYLE = Automatic;
				CURRENT_PROJECT_VERSION = 1;
				DEVELOPMENT_TEAM = 2LST6WT4P6;
				GENERATE_INFOPLIST_FILE = YES;
				IPHONEOS_DEPLOYMENT_TARGET = 26.5;
				MACOSX_DEPLOYMENT_TARGET = 26.5;
				MARKETING_VERSION = 1.0;
				PRODUCT_BUNDLE_IDENTIFIER = net.weavee.potassiumProviderUITests;
				PRODUCT_NAME = "$(TARGET_NAME)";
				SDKROOT = auto;
				STRING_CATALOG_GENERATE_SYMBOLS = NO;
				SUPPORTED_PLATFORMS = "iphoneos iphonesimulator macosx xros xrsimulator";
				SWIFT_APPROACHABLE_CONCURRENCY = YES;
				SWIFT_EMIT_LOC_STRINGS = NO;
				SWIFT_UPCOMING_FEATURE_MEMBER_IMPORT_VISIBILITY = YES;
				SWIFT_VERSION = 5.0;
				TARGETED_DEVICE_FAMILY = "1,2,7";
				TEST_TARGET_NAME = potassiumProvider;
				XROS_DEPLOYMENT_TARGET = 26.5;
			};
			name = Debug;
		};
		C09842AF2FF847B000CB8B7E /* Release */ = {
			isa = XCBuildConfiguration;
			buildSettings = {
				CODE_SIGN_STYLE = Automatic;
				CURRENT_PROJECT_VERSION = 1;
				DEVELOPMENT_TEAM = 2LST6WT4P6;
				GENERATE_INFOPLIST_FILE = YES;
				IPHONEOS_DEPLOYMENT_TARGET = 26.5;
				MACOSX_DEPLOYMENT_TARGET = 26.5;
				MARKETING_VERSION = 1.0;
				PRODUCT_BUNDLE_IDENTIFIER = net.weavee.potassiumProviderUITests;
				PRODUCT_NAME = "$(TARGET_NAME)";
				SDKROOT = auto;
				STRING_CATALOG_GENERATE_SYMBOLS = NO;
				SUPPORTED_PLATFORMS = "iphoneos iphonesimulator macosx xros xrsimulator";
				SWIFT_APPROACHABLE_CONCURRENCY = YES;
				SWIFT_EMIT_LOC_STRINGS = NO;
				SWIFT_UPCOMING_FEATURE_MEMBER_IMPORT_VISIBILITY = YES;
				SWIFT_VERSION = 5.0;
				TARGETED_DEVICE_FAMILY = "1,2,7";
				TEST_TARGET_NAME = potassiumProvider;
				XROS_DEPLOYMENT_TARGET = 26.5;
			};
			name = Release;
		};
/* End XCBuildConfiguration section */

/* Begin XCConfigurationList section */
		C09842812FF847AD00CB8B7E /* Build configuration list for PBXProject "potassiumProvider" */ = {
			isa = XCConfigurationList;
			buildConfigurations = (
				C09842A52FF847B000CB8B7E /* Debug */,
				C09842A62FF847B000CB8B7E /* Release */,
			);
			defaultConfigurationIsVisible = 0;
			defaultConfigurationName = Release;
		};
		C09842A72FF847B000CB8B7E /* Build configuration list for PBXNativeTarget "potassiumProvider" */ = {
			isa = XCConfigurationList;
			buildConfigurations = (
				C09842A82FF847B000CB8B7E /* Debug */,
				C09842A92FF847B000CB8B7E /* Release */,
			);
			defaultConfigurationIsVisible = 0;
			defaultConfigurationName = Release;
		};
		C09842AA2FF847B000CB8B7E /* Build configuration list for PBXNativeTarget "potassiumProviderTests" */ = {
			isa = XCConfigurationList;
			buildConfigurations = (
				C09842AB2FF847B000CB8B7E /* Debug */,
				C09842AC2FF847B000CB8B7E /* Release */,
			);
			defaultConfigurationIsVisible = 0;
			defaultConfigurationName = Release;
		};
		C09842AD2FF847B000CB8B7E /* Build configuration list for PBXNativeTarget "potassiumProviderUITests" */ = {
			isa = XCConfigurationList;
			buildConfigurations = (
				C09842AE2FF847B000CB8B7E /* Debug */,
				C09842AF2FF847B000CB8B7E /* Release */,
			);
			defaultConfigurationIsVisible = 0;
			defaultConfigurationName = Release;
		};
/* End XCConfigurationList section */

/* Begin XCRemoteSwiftPackageReference section */
		C09842BC2FF8489C00CB8B7E /* XCRemoteSwiftPackageReference "SQLite.swift" */ = {
			isa = XCRemoteSwiftPackageReference;
			repositoryURL = "https://github.com/stephencelis/SQLite.swift.git";
			requirement = {
				kind = upToNextMajorVersion;
				minimumVersion = 0.16.0;
			};
		};
		C09842BD2FF8491700CB8B7E /* XCRemoteSwiftPackageReference "potassiumChannel" */ = {
			isa = XCRemoteSwiftPackageReference;
			repositoryURL = "git@github.com:OpenCow42/potassiumChannel.git";
			requirement = {
				kind = upToNextMajorVersion;
				minimumVersion = 0.1.0;
			};
		};
/* End XCRemoteSwiftPackageReference section */

/* Begin XCSwiftPackageProductDependency section */
		C09842BE2FF8491700CB8B7E /* PotassiumChannelCore */ = {
			isa = XCSwiftPackageProductDependency;
			package = C09842BD2FF8491700CB8B7E /* XCRemoteSwiftPackageReference "potassiumChannel" */;
			productName = PotassiumChannelCore;
		};
		C09842C02FF8491700CB8B7E /* PotassiumKDrive */ = {
			isa = XCSwiftPackageProductDependency;
			package = C09842BD2FF8491700CB8B7E /* XCRemoteSwiftPackageReference "potassiumChannel" */;
			productName = PotassiumKDrive;
		};
		C09842C22FF8491700CB8B7E /* PotassiumOAuth */ = {
			isa = XCSwiftPackageProductDependency;
			package = C09842BD2FF8491700CB8B7E /* XCRemoteSwiftPackageReference "potassiumChannel" */;
			productName = PotassiumOAuth;
		};
/* End XCSwiftPackageProductDependency section */
	};
	rootObject = C098427E2FF847AD00CB8B7E /* Project object */;
}
