{
  "originHash" : "4ca0a296a28bfdc2857c81a1f70f11cc9891a6c43de2f84a68c780c40bcf7fe3",
  "pins" : [
    {
      "identity" : "potassiumchannel",
      "kind" : "remoteSourceControl",
      "location" : "https://github.com/OpenCow42/potassiumChannel.git",
      "state" : {
        "branch" : "codex/kdrive-etag-revisions",
        "revision" : "1bed1613782e3d0a6f707e3ddc6ebda5e0bddec5"
      }
    },
    {
      "identity" : "sqlite.swift",
      "kind" : "remoteSourceControl",
      "location" : "https://github.com/stephencelis/SQLite.swift.git",
      "state" : {
        "revision" : "964c300fb0736699ce945c9edb56ecd62eba27a3",
        "version" : "0.16.0"
      }
    },
    {
      "identity" : "swift-concurrency",
      "kind" : "remoteSourceControl",
      "location" : "https://github.com/OpenCow42/swift-concurrency.git",
      "state" : {
        "revision" : "696ea95ad5974bd04f63d353f317cf5ecd9235e8",
        "version" : "1.0.1"
      }
    }
  ],
  "version" : 3
}
